// !$*UTF8*$!
{
	archiveVersion = 1;
	classes = {
	};
	objectVersion = 55;
	objects = {

/* Begin PBXBuildFile section */
		294A0D6828805D3E005D0593 /* LogInViewController.swift in Sources */ = {isa = PBXBuildFile; fileRef = 294A0D6728805D3E005D0593 /* LogInViewController.swift */; };
		294A0D6A2880752D005D0593 /* UIImage+Alpha.swift in Sources */ = {isa = PBXBuildFile; fileRef = 294A0D692880752D005D0593 /* UIImage+Alpha.swift */; };
		294A0D6D28807CA2005D0593 /* UIView+Border.swift in Sources */ = {isa = PBXBuildFile; fileRef = 294A0D6C28807CA2005D0593 /* UIView+Border.swift */; };
		2971CAF427745FF800617A8B /* FeedViewController.swift in Sources */ = {isa = PBXBuildFile; fileRef = 2971CAF327745FF800617A8B /* FeedViewController.swift */; };
		2971CAF72774619D00617A8B /* InfoViewController.swift in Sources */ = {isa = PBXBuildFile; fileRef = 2971CAF62774619D00617A8B /* InfoViewController.swift */; };
		2971CAF9277461BA00617A8B /* PostViewController.swift in Sources */ = {isa = PBXBuildFile; fileRef = 2971CAF8277461BA00617A8B /* PostViewController.swift */; };
		2971CAFB277461D500617A8B /* ProfileViewController.swift in Sources */ = {isa = PBXBuildFile; fileRef = 2971CAFA277461D500617A8B /* ProfileViewController.swift */; };
		2971CAFD277461FF00617A8B /* Post.swift in Sources */ = {isa = PBXBuildFile; fileRef = 2971CAFC277461FF00617A8B /* Post.swift */; };
		2971CAFF2774627E00617A8B /* ProfileHeaderView.swift in Sources */ = {isa = PBXBuildFile; fileRef = 2971CAFE2774627E00617A8B /* ProfileHeaderView.swift */; };
		2974DF6328896C0000EBDC57 /* PostTableViewCell.swift in Sources */ = {isa = PBXBuildFile; fileRef = 2974DF6228896C0000EBDC57 /* PostTableViewCell.swift */; };
		29789C402768FBFA001F17BE /* AppDelegate.swift in Sources */ = {isa = PBXBuildFile; fileRef = 29789C3F2768FBFA001F17BE /* AppDelegate.swift */; };
		29789C422768FBFA001F17BE /* SceneDelegate.swift in Sources */ = {isa = PBXBuildFile; fileRef = 29789C412768FBFA001F17BE /* SceneDelegate.swift */; };
		29789C492768FBFC001F17BE /* Assets.xcassets in Resources */ = {isa = PBXBuildFile; fileRef = 29789C482768FBFC001F17BE /* Assets.xcassets */; };
		29789C4C2768FBFC001F17BE /* LaunchScreen.storyboard in Resources */ = {isa = PBXBuildFile; fileRef = 29789C4A2768FBFC001F17BE /* LaunchScreen.storyboard */; };
/* End PBXBuildFile section */

/* Begin PBXFileReference section */
		294A0D6728805D3E005D0593 /* LogInViewController.swift */ = {isa = PBXFileReference; lastKnownFileType = sourcecode.swift; path = LogInViewController.swift; sourceTree = "<group>"; };
		294A0D692880752D005D0593 /* UIImage+Alpha.swift */ = {isa = PBXFileReference; lastKnownFileType = sourcecode.swift; path = "UIImage+Alpha.swift"; sourceTree = "<group>"; };
		294A0D6C28807CA2005D0593 /* UIView+Border.swift */ = {isa = PBXFileReference; lastKnownFileType = sourcecode.swift; path = "UIView+Border.swift"; sourceTree = "<group>"; };
		2971CAF327745FF800617A8B /* FeedViewController.swift */ = {isa = PBXFileReference; lastKnownFileType = sourcecode.swift; path = FeedViewController.swift; sourceTree = "<group>"; };
		2971CAF62774619D00617A8B /* InfoViewController.swift */ = {isa = PBXFileReference; lastKnownFileType = sourcecode.swift; path = InfoViewController.swift; sourceTree = "<group>"; };
		2971CAF8277461BA00617A8B /* PostViewController.swift */ = {isa = PBXFileReference; lastKnownFileType = sourcecode.swift; path = PostViewController.swift; sourceTree = "<group>"; };
		2971CAFA277461D500617A8B /* ProfileViewController.swift */ = {isa = PBXFileReference; lastKnownFileType = sourcecode.swift; path = ProfileViewController.swift; sourceTree = "<group>"; };
		2971CAFC277461FF00617A8B /* Post.swift */ = {isa = PBXFileReference; lastKnownFileType = sourcecode.swift; path = Post.swift; sourceTree = "<group>"; };
		2971CAFE2774627E00617A8B /* ProfileHeaderView.swift */ = {isa = PBXFileReference; lastKnownFileType = sourcecode.swift; path = ProfileHeaderView.swift; sourceTree = "<group>"; };
		2974DF6228896C0000EBDC57 /* PostTableViewCell.swift */ = {isa = PBXFileReference; lastKnownFileType = sourcecode.swift; path = PostTableViewCell.swift; sourceTree = "<group>"; };
		29789C3C2768FBFA001F17BE /* Navigation.app */ = {isa = PBXFileReference; explicitFileType = wrapper.application; includeInIndex = 0; path = Navigation.app; sourceTree = BUILT_PRODUCTS_DIR; };
		29789C3F2768FBFA001F17BE /* AppDelegate.swift */ = {isa = PBXFileReference; lastKnownFileType = sourcecode.swift; path = AppDelegate.swift; sourceTree = "<group>"; };
		29789C412768FBFA001F17BE /* SceneDelegate.swift */ = {isa = PBXFileReference; lastKnownFileType = sourcecode.swift; path = SceneDelegate.swift; sourceTree = "<group>"; };
		29789C482768FBFC001F17BE /* Assets.xcassets */ = {isa = PBXFileReference; lastKnownFileType = folder.assetcatalog; path = Assets.xcassets; sourceTree = "<group>"; };
		29789C4B2768FBFC001F17BE /* Base */ = {isa = PBXFileReference; lastKnownFileType = file.storyboard; name = Base; path = Base.lproj/LaunchScreen.storyboard; sourceTree = "<group>"; };
		29789C4D2768FBFC001F17BE /* Info.plist */ = {isa = PBXFileReference; lastKnownFileType = text.plist.xml; path = Info.plist; sourceTree = "<group>"; };
/* End PBXFileReference section */

/* Begin PBXFrameworksBuildPhase section */
		29789C392768FBFA001F17BE /* Frameworks */ = {
			isa = PBXFrameworksBuildPhase;
			buildActionMask = 2147483647;
			files = (
			);
			runOnlyForDeploymentPostprocessing = 0;
		};
/* End PBXFrameworksBuildPhase section */

/* Begin PBXGroup section */
		294A0D6B2880755C005D0593 /* Extensions */ = {
			isa = PBXGroup;
			children = (
				294A0D692880752D005D0593 /* UIImage+Alpha.swift */,
				294A0D6C28807CA2005D0593 /* UIView+Border.swift */,
			);
			path = Extensions;
			sourceTree = "<group>";
		};
		2971CAF127745BD500617A8B /* Profile */ = {
			isa = PBXGroup;
			children = (
				2971CAFA277461D500617A8B /* ProfileViewController.swift */,
				2971CAFE2774627E00617A8B /* ProfileHeaderView.swift */,
				294A0D6728805D3E005D0593 /* LogInViewController.swift */,
				2974DF6228896C0000EBDC57 /* PostTableViewCell.swift */,
			);
			path = Profile;
			sourceTree = "<group>";
		};
		2971CAF227745FDC00617A8B /* Feed */ = {
			isa = PBXGroup;
			children = (
				2971CAF327745FF800617A8B /* FeedViewController.swift */,
				2971CAF62774619D00617A8B /* InfoViewController.swift */,
				2971CAF8277461BA00617A8B /* PostViewController.swift */,
			);
			path = Feed;
			sourceTree = "<group>";
		};
		29789C332768FBFA001F17BE = {
			isa = PBXGroup;
			children = (
				29789C3E2768FBFA001F17BE /* Navigation */,
				29789C3D2768FBFA001F17BE /* Products */,
			);
			sourceTree = "<group>";
		};
		29789C3D2768FBFA001F17BE /* Products */ = {
			isa = PBXGroup;
			children = (
				29789C3C2768FBFA001F17BE /* Navigation.app */,
			);
			name = Products;
			sourceTree = "<group>";
		};
		29789C3E2768FBFA001F17BE /* Navigation */ = {
			isa = PBXGroup;
			children = (
				2971CAFC277461FF00617A8B /* Post.swift */,
				2971CAF227745FDC00617A8B /* Feed */,
				2971CAF127745BD500617A8B /* Profile */,
				29789C3F2768FBFA001F17BE /* AppDelegate.swift */,
				29789C412768FBFA001F17BE /* SceneDelegate.swift */,
				29789C482768FBFC001F17BE /* Assets.xcassets */,
				29789C4A2768FBFC001F17BE /* LaunchScreen.storyboard */,
				29789C4D2768FBFC001F17BE /* Info.plist */,
				294A0D6B2880755C005D0593 /* Extensions */,
			);
			path = Navigation;
			sourceTree = "<group>";
		};
/* End PBXGroup section */

/* Begin PBXNativeTarget section */
		29789C3B2768FBFA001F17BE /* Navigation */ = {
			isa = PBXNativeTarget;
			buildConfigurationList = 29789C502768FBFC001F17BE /* Build configuration list for PBXNativeTarget "Navigation" */;
			buildPhases = (
				29789C382768FBFA001F17BE /* Sources */,
				29789C392768FBFA001F17BE /* Frameworks */,
				29789C3A2768FBFA001F17BE /* Resources */,
			);
			buildRules = (
			);
			dependencies = (
			);
			name = Navigation;
			productName = Navigation;
			productReference = 29789C3C2768FBFA001F17BE /* Navigation.app */;
			productType = "com.apple.product-type.application";
		};
/* End PBXNativeTarget section */

/* Begin PBXProject section */
		29789C342768FBFA001F17BE /* Project object */ = {
			isa = PBXProject;
			attributes = {
				BuildIndependentTargetsInParallel = 1;
				LastSwiftUpdateCheck = 1310;
				LastUpgradeCheck = 1310;
				TargetAttributes = {
					29789C3B2768FBFA001F17BE = {
						CreatedOnToolsVersion = 13.1;
					};
				};
			};
			buildConfigurationList = 29789C372768FBFA001F17BE /* Build configuration list for PBXProject "Navigation" */;
			compatibilityVersion = "Xcode 13.0";
			developmentRegion = en;
			hasScannedForEncodings = 0;
			knownRegions = (
				en,
				Base,
			);
			mainGroup = 29789C332768FBFA001F17BE;
			productRefGroup = 29789C3D2768FBFA001F17BE /* Products */;
			projectDirPath = "";
			projectRoot = "";
			targets = (
				29789C3B2768FBFA001F17BE /* Navigation */,
			);
		};
/* End PBXProject section */

/* Begin PBXResourcesBuildPhase section */
		29789C3A2768FBFA001F17BE /* Resources */ = {
			isa = PBXResourcesBuildPhase;
			buildActionMask = 2147483647;
			files = (
				29789C4C2768FBFC001F17BE /* LaunchScreen.storyboard in Resources */,
				29789C492768FBFC001F17BE /* Assets.xcassets in Resources */,
			);
			runOnlyForDeploymentPostprocessing = 0;
		};
/* End PBXResourcesBuildPhase section */

/* Begin PBXSourcesBuildPhase section */
		29789C382768FBFA001F17BE /* Sources */ = {
			isa = PBXSourcesBuildPhase;
			buildActionMask = 2147483647;
			files = (
				2971CAFB277461D500617A8B /* ProfileViewController.swift in Sources */,
				29789C402768FBFA001F17BE /* AppDelegate.swift in Sources */,
				294A0D6A2880752D005D0593 /* UIImage+Alpha.swift in Sources */,
				294A0D6828805D3E005D0593 /* LogInViewController.swift in Sources */,
				2971CAF427745FF800617A8B /* FeedViewController.swift in Sources */,
				2971CAF72774619D00617A8B /* InfoViewController.swift in Sources */,
				29789C422768FBFA001F17BE /* SceneDelegate.swift in Sources */,
				2971CAFD277461FF00617A8B /* Post.swift in Sources */,
				2971CAF9277461BA00617A8B /* PostViewController.swift in Sources */,
				2971CAFF2774627E00617A8B /* ProfileHeaderView.swift in Sources */,
				294A0D6D28807CA2005D0593 /* UIView+Border.swift in Sources */,
				2974DF6328896C0000EBDC57 /* PostTableViewCell.swift in Sources */,
			);
			runOnlyForDeploymentPostprocessing = 0;
		};
/* End PBXSourcesBuildPhase section */

/* Begin PBXVariantGroup section */
		29789C4A2768FBFC001F17BE /* LaunchScreen.storyboard */ = {
			isa = PBXVariantGroup;
			children = (
				29789C4B2768FBFC001F17BE /* Base */,
			);
			name = LaunchScreen.storyboard;
			sourceTree = "<group>";
		};
/* End PBXVariantGroup section */

/* Begin XCBuildConfiguration section */
		29789C4E2768FBFC001F17BE /* Debug */ = {
			isa = XCBuildConfiguration;
			buildSettings = {
				ALWAYS_SEARCH_USER_PATHS = NO;
				CLANG_ANALYZER_NONNULL = YES;
				CLANG_ANALYZER_NUMBER_OBJECT_CONVERSION = YES_AGGRESSIVE;
				CLANG_CXX_LANGUAGE_STANDARD = "gnu++17";
				CLANG_CXX_LIBRARY = "libc++";
				CLANG_ENABLE_MODULES = YES;
				CLANG_ENABLE_OBJC_ARC = YES;
				CLANG_ENABLE_OBJC_WEAK = YES;
				CLANG_WARN_BLOCK_CAPTURE_AUTORELEASING = YES;
				CLANG_WARN_BOOL_CONVERSION = YES;
				CLANG_WARN_COMMA = YES;
				CLANG_WARN_CONSTANT_CONVERSION = YES;
				CLANG_WARN_DEPRECATED_OBJC_IMPLEMENTATIONS = YES;
				CLANG_WARN_DIRECT_OBJC_ISA_USAGE = YES_ERROR;
				CLANG_WARN_DOCUMENTATION_COMMENTS = YES;
				CLANG_WARN_EMPTY_BODY = YES;
				CLANG_WARN_ENUM_CONVERSION = YES;
				CLANG_WARN_INFINITE_RECURSION = YES;
				CLANG_WARN_INT_CONVERSION = YES;
				CLANG_WARN_NON_LITERAL_NULL_CONVERSION = YES;
				CLANG_WARN_OBJC_IMPLICIT_RETAIN_SELF = YES;
				CLANG_WARN_OBJC_LITERAL_CONVERSION = YES;
				CLANG_WARN_OBJC_ROOT_CLASS = YES_ERROR;
				CLANG_WARN_QUOTED_INCLUDE_IN_FRAMEWORK_HEADER = YES;
				CLANG_WARN_RANGE_LOOP_ANALYSIS = YES;
				CLANG_WARN_STRICT_PROTOTYPES = YES;
				CLANG_WARN_SUSPICIOUS_MOVE = YES;
				CLANG_WARN_UNGUARDED_AVAILABILITY = YES_AGGRESSIVE;
				CLANG_WARN_UNREACHABLE_CODE = YES;
				CLANG_WARN__DUPLICATE_METHOD_MATCH = YES;
				COPY_PHASE_STRIP = NO;
				DEBUG_INFORMATION_FORMAT = dwarf;
				ENABLE_STRICT_OBJC_MSGSEND = YES;
				ENABLE_TESTABILITY = YES;
				GCC_C_LANGUAGE_STANDARD = gnu11;
				GCC_DYNAMIC_NO_PIC = NO;
				GCC_NO_COMMON_BLOCKS = YES;
				GCC_OPTIMIZATION_LEVEL = 0;
				GCC_PREPROCESSOR_DEFINITIONS = (
					"DEBUG=1",
					"$(inherited)",
				);
				GCC_WARN_64_TO_32_BIT_CONVERSION = YES;
				GCC_WARN_ABOUT_RETURN_TYPE = YES_ERROR;
				GCC_WARN_UNDECLARED_SELECTOR = YES;
				GCC_WARN_UNINITIALIZED_AUTOS = YES_AGGRESSIVE;
				GCC_WARN_UNUSED_FUNCTION = YES;
				GCC_WARN_UNUSED_VARIABLE = YES;
				IPHONEOS_DEPLOYMENT_TARGET = 15.0;
				MTL_ENABLE_DEBUG_INFO = INCLUDE_SOURCE;
				MTL_FAST_MATH = YES;
				ONLY_ACTIVE_ARCH = YES;
				SDKROOT = iphoneos;
				SWIFT_ACTIVE_COMPILATION_CONDITIONS = DEBUG;
				SWIFT_OPTIMIZATION_LEVEL = "-Onone";
			};
			name = Debug;
		};
		29789C4F2768FBFC001F17BE /* Release */ = {
			isa = XCBuildConfiguration;
			buildSettings = {
				ALWAYS_SEARCH_USER_PATHS = NO;
				CLANG_ANALYZER_NONNULL = YES;
				CLANG_ANALYZER_NUMBER_OBJECT_CONVERSION = YES_AGGRESSIVE;
				CLANG_CXX_LANGUAGE_STANDARD = "gnu++17";
				CLANG_CXX_LIBRARY = "libc++";
				CLANG_ENABLE_MODULES = YES;
				CLANG_ENABLE_OBJC_ARC = YES;
				CLANG_ENABLE_OBJC_WEAK = YES;
				CLANG_WARN_BLOCK_CAPTURE_AUTORELEASING = YES;
				CLANG_WARN_BOOL_CONVERSION = YES;
				CLANG_WARN_COMMA = YES;
				CLANG_WARN_CONSTANT_CONVERSION = YES;
				CLANG_WARN_DEPRECATED_OBJC_IMPLEMENTATIONS = YES;
				CLANG_WARN_DIRECT_OBJC_ISA_USAGE = YES_ERROR;
				CLANG_WARN_DOCUMENTATION_COMMENTS = YES;
				CLANG_WARN_EMPTY_BODY = YES;
				CLANG_WARN_ENUM_CONVERSION = YES;
				CLANG_WARN_INFINITE_RECURSION = YES;
				CLANG_WARN_INT_CONVERSION = YES;
				CLANG_WARN_NON_LITERAL_NULL_CONVERSION = YES;
				CLANG_WARN_OBJC_IMPLICIT_RETAIN_SELF = YES;
				CLANG_WARN_OBJC_LITERAL_CONVERSION = YES;
				CLANG_WARN_OBJC_ROOT_CLASS = YES_ERROR;
				CLANG_WARN_QUOTED_INCLUDE_IN_FRAMEWORK_HEADER = YES;
				CLANG_WARN_RANGE_LOOP_ANALYSIS = YES;
				CLANG_WARN_STRICT_PROTOTYPES = YES;
				CLANG_WARN_SUSPICIOUS_MOVE = YES;
				CLANG_WARN_UNGUARDED_AVAILABILITY = YES_AGGRESSIVE;
				CLANG_WARN_UNREACHABLE_CODE = YES;
				CLANG_WARN__DUPLICATE_METHOD_MATCH = YES;
				COPY_PHASE_STRIP = NO;
				DEBUG_INFORMATION_FORMAT = "dwarf-with-dsym";
				ENABLE_NS_ASSERTIONS = NO;
				ENABLE_STRICT_OBJC_MSGSEND = YES;
				GCC_C_LANGUAGE_STANDARD = gnu11;
				GCC_NO_COMMON_BLOCKS = YES;
				GCC_WARN_64_TO_32_BIT_CONVERSION = YES;
				GCC_WARN_ABOUT_RETURN_TYPE = YES_ERROR;
				GCC_WARN_UNDECLARED_SELECTOR = YES;
				GCC_WARN_UNINITIALIZED_AUTOS = YES_AGGRESSIVE;
				GCC_WARN_UNUSED_FUNCTION = YES;
				GCC_WARN_UNUSED_VARIABLE = YES;
				IPHONEOS_DEPLOYMENT_TARGET = 15.0;
				MTL_ENABLE_DEBUG_INFO = NO;
				MTL_FAST_MATH = YES;
				SDKROOT = iphoneos;
				SWIFT_COMPILATION_MODE = wholemodule;
				SWIFT_OPTIMIZATION_LEVEL = "-O";
				VALIDATE_PRODUCT = YES;
			};
			name = Release;
		};
		29789C512768FBFC001F17BE /* Debug */ = {
			isa = XCBuildConfiguration;
			buildSettings = {
				ASSETCATALOG_COMPILER_APPICON_NAME = AppIcon;
				ASSETCATALOG_COMPILER_GLOBAL_ACCENT_COLOR_NAME = AccentColor;
				CODE_SIGN_STYLE = Automatic;
				CURRENT_PROJECT_VERSION = 1;
				DEVELOPMENT_TEAM = GB4R5FUHG3;
				GENERATE_INFOPLIST_FILE = YES;
				INFOPLIST_FILE = Navigation/Info.plist;
				INFOPLIST_KEY_UIApplicationSupportsIndirectInputEvents = YES;
				INFOPLIST_KEY_UILaunchStoryboardName = LaunchScreen;
				INFOPLIST_KEY_UISupportedInterfaceOrientations_iPad = "UIInterfaceOrientationPortrait UIInterfaceOrientationPortraitUpsideDown UIInterfaceOrientationLandscapeLeft UIInterfaceOrientationLandscapeRight";
				INFOPLIST_KEY_UISupportedInterfaceOrientations_iPhone = "UIInterfaceOrientationPortrait UIInterfaceOrientationLandscapeLeft UIInterfaceOrientationLandscapeRight";
				LD_RUNPATH_SEARCH_PATHS = (
					"$(inherited)",
					"@executable_path/Frameworks",
				);
				MARKETING_VERSION = 1.0;
				PRODUCT_BUNDLE_IDENTIFIER = com.krasmikes.Navigation;
				PRODUCT_NAME = "$(TARGET_NAME)";
				SWIFT_EMIT_LOC_STRINGS = YES;
				SWIFT_VERSION = 5.0;
				TARGETED_DEVICE_FAMILY = "1,2";
			};
			name = Debug;
		};
		29789C522768FBFC001F17BE /* Release */ = {
			isa = XCBuildConfiguration;
			buildSettings = {
				ASSETCATALOG_COMPILER_APPICON_NAME = AppIcon;
				ASSETCATALOG_COMPILER_GLOBAL_ACCENT_COLOR_NAME = AccentColor;
				CODE_SIGN_STYLE = Automatic;
				CURRENT_PROJECT_VERSION = 1;
				DEVELOPMENT_TEAM = GB4R5FUHG3;
				GENERATE_INFOPLIST_FILE = YES;
				INFOPLIST_FILE = Navigation/Info.plist;
				INFOPLIST_KEY_UIApplicationSupportsIndirectInputEvents = YES;
				INFOPLIST_KEY_UILaunchStoryboardName = LaunchScreen;
				INFOPLIST_KEY_UISupportedInterfaceOrientations_iPad = "UIInterfaceOrientationPortrait UIInterfaceOrientationPortraitUpsideDown UIInterfaceOrientationLandscapeLeft UIInterfaceOrientationLandscapeRight";
				INFOPLIST_KEY_UISupportedInterfaceOrientations_iPhone = "UIInterfaceOrientationPortrait UIInterfaceOrientationLandscapeLeft UIInterfaceOrientationLandscapeRight";
				LD_RUNPATH_SEARCH_PATHS = (
					"$(inherited)",
					"@executable_path/Frameworks",
				);
				MARKETING_VERSION = 1.0;
				PRODUCT_BUNDLE_IDENTIFIER = com.krasmikes.Navigation;
				PRODUCT_NAME = "$(TARGET_NAME)";
				SWIFT_EMIT_LOC_STRINGS = YES;
				SWIFT_VERSION = 5.0;
				TARGETED_DEVICE_FAMILY = "1,2";
			};
			name = Release;
		};
/* End XCBuildConfiguration section */

/* Begin XCConfigurationList section */
		29789C372768FBFA001F17BE /* Build configuration list for PBXProject "Navigation" */ = {
			isa = XCConfigurationList;
			buildConfigurations = (
				29789C4E2768FBFC001F17BE /* Debug */,
				29789C4F2768FBFC001F17BE /* Release */,
			);
			defaultConfigurationIsVisible = 0;
			defaultConfigurationName = Release;
		};
		29789C502768FBFC001F17BE /* Build configuration list for PBXNativeTarget "Navigation" */ = {
			isa = XCConfigurationList;
			buildConfigurations = (
				29789C512768FBFC001F17BE /* Debug */,
				29789C522768FBFC001F17BE /* Release */,
			);
			defaultConfigurationIsVisible = 0;
			defaultConfigurationName = Release;
		};
/* End XCConfigurationList section */
	};
	rootObject = 29789C342768FBFA001F17BE /* Project object */;
}
